
Microsoft Visual Studio Solution File, Format Version 12.00
# Visual Studio Version 16
VisualStudioVersion = 16.0.31702.278
MinimumVisualStudioVersion = 10.0.40219.1
Project("{9A19103F-16F7-4668-BE54-9A1E7A4F7556}") = "BowlingGame", "BowlingGame\BowlingGame.csproj", "{5EEF6B0A-E107-453B-B71B-40397DD63766}"
EndProject
Project("{FAE04EC0-301F-11D3-BF4B-00C04F79EFBC}") = "BowlingGame.Tests", "BowlingGame.Tests\BowlingGame.Tests.csproj", "{59652A05-36AA-4207-8BC5-3D7A70A6D366}"
EndProject
Global
	GlobalSection(SolutionConfigurationPlatforms) = preSolution
		Debug|Any CPU = Debug|Any CPU
		Release|Any CPU = Release|Any CPU
	EndGlobalSection
	GlobalSection(ProjectConfigurationPlatforms) = postSolution
		{5EEF6B0A-E107-453B-B71B-40397DD63766}.Debug|Any CPU.ActiveCfg = Debug|Any CPU
		{5EEF6B0A-E107-453B-B71B-40397DD63766}.Debug|Any CPU.Build.0 = Debug|Any CPU
		{5EEF6B0A-E107-453B-B71B-40397DD63766}.Release|Any CPU.ActiveCfg = Release|Any CPU
		{5EEF6B0A-E107-453B-B71B-40397DD63766}.Release|Any CPU.Build.0 = Release|Any CPU
		{59652A05-36AA-4207-8BC5-3D7A70A6D366}.Debug|Any CPU.ActiveCfg = Debug|Any CPU
		{59652A05-36AA-4207-8BC5-3D7A70A6D366}.Debug|Any CPU.Build.0 = Debug|Any CPU
		{59652A05-36AA-4207-8BC5-3D7A70A6D366}.Release|Any CPU.ActiveCfg = Release|Any CPU
		{59652A05-36AA-4207-8BC5-3D7A70A6D366}.Release|Any CPU.Build.0 = Release|Any CPU
	EndGlobalSection
	GlobalSection(SolutionProperties) = preSolution
		HideSolutionNode = FALSE
	EndGlobalSection
	GlobalSection(ExtensibilityGlobals) = postSolution
		SolutionGuid = {872FF3F8-E009-4D07-AA70-C2CD245EB788}
	EndGlobalSection
EndGlobal
